
Microsoft Visual Studio Solution File, Format Version 12.00
# Visual Studio 2012
Project("{FAE04EC0-301F-11D3-BF4B-00C04F79EFBC}") = "Creatiore", "Creatiore\Creatiore.csproj", "{D37244FA-970D-4FE0-B80A-0E50C9C09B5C}"
EndProject
Global
	GlobalSection(SolutionConfigurationPlatforms) = preSolution
		Debug|Any CPU = Debug|Any CPU
		Release|Any CPU = Release|Any CPU
	EndGlobalSection
	GlobalSection(ProjectConfigurationPlatforms) = postSolution
		{D37244FA-970D-4FE0-B80A-0E50C9C09B5C}.Debug|Any CPU.ActiveCfg = Debug|Any CPU
		{D37244FA-970D-4FE0-B80A-0E50C9C09B5C}.Debug|Any CPU.Build.0 = Debug|Any CPU
		{D37244FA-970D-4FE0-B80A-0E50C9C09B5C}.Release|Any CPU.ActiveCfg = Release|Any CPU
		{D37244FA-970D-4FE0-B80A-0E50C9C09B5C}.Release|Any CPU.Build.0 = Release|Any CPU
	EndGlobalSection
	GlobalSection(SolutionProperties) = preSolution
		HideSolutionNode = FALSE
	EndGlobalSection
EndGlobal
